
Microsoft Visual Studio Solution File, Format Version 12.00
# Visual Studio Version 17
VisualStudioVersion = 17.11.35208.52
MinimumVisualStudioVersion = 10.0.40219.1
Project("{FAE04EC0-301F-11D3-BF4B-00C04F79EFBC}") = "RateProblem", "RateProblem\RateProblem.csproj", "{FED7E1D5-506B-4EA3-B017-C8F1C71733A2}"
EndProject
Global
	GlobalSection(SolutionConfigurationPlatforms) = preSolution
		Debug|Any CPU = Debug|Any CPU
		Release|Any CPU = Release|Any CPU
	EndGlobalSection
	GlobalSection(ProjectConfigurationPlatforms) = postSolution
		{FED7E1D5-506B-4EA3-B017-C8F1C71733A2}.Debug|Any CPU.ActiveCfg = Debug|Any CPU
		{FED7E1D5-506B-4EA3-B017-C8F1C71733A2}.Debug|Any CPU.Build.0 = Debug|Any CPU
		{FED7E1D5-506B-4EA3-B017-C8F1C71733A2}.Release|Any CPU.ActiveCfg = Release|Any CPU
		{FED7E1D5-506B-4EA3-B017-C8F1C71733A2}.Release|Any CPU.Build.0 = Release|Any CPU
	EndGlobalSection
	GlobalSection(SolutionProperties) = preSolution
		HideSolutionNode = FALSE
	EndGlobalSection
	GlobalSection(ExtensibilityGlobals) = postSolution
		SolutionGuid = {5E59B09F-B8B3-4457-AEEB-C9C430E3B7C8}
	EndGlobalSection
EndGlobal
